// !$*UTF8*$!
{
	archiveVersion = 1;
	classes = {
	};
	objectVersion = 52;
	objects = {

/* Begin PBXBuildFile section */
		326197CE6B376858D485931E /* Pods_recordOrnamentsAppTests.framework in Frameworks */ = {isa = PBXBuildFile; fileRef = AC10563D9A190CE1303F1F78 /* Pods_recordOrnamentsAppTests.framework */; };
		47FD0702886A3B4ED9AC2CDD /* Pods_recordOrnamentsApp_recordOrnamentsAppUITests.framework in Frameworks */ = {isa = PBXBuildFile; fileRef = B1A75445A2429C3958C23B27 /* Pods_recordOrnamentsApp_recordOrnamentsAppUITests.framework */; };
		B7AB6C5AFB76F00E1D1606EB /* Pods_recordOrnamentsApp.framework in Frameworks */ = {isa = PBXBuildFile; fileRef = 5DC92C14830302263FA47E2F /* Pods_recordOrnamentsApp.framework */; };
		CF2891C72702BDAA00FEC85A /* Lottie in Frameworks */ = {isa = PBXBuildFile; productRef = CF2891C62702BDAA00FEC85A /* Lottie */; };
		CF2891CB2702C56300FEC85A /* background2.json in Resources */ = {isa = PBXBuildFile; fileRef = CF2891CA2702C56300FEC85A /* background2.json */; };
		CF36A0BB26E5E0CC00ADD2DA /* OrnamentViewController.swift in Sources */ = {isa = PBXBuildFile; fileRef = CF36A0BA26E5E0CC00ADD2DA /* OrnamentViewController.swift */; };
		CF36A0BD26E5E51500ADD2DA /* DetailsViewController.swift in Sources */ = {isa = PBXBuildFile; fileRef = CF36A0BC26E5E51500ADD2DA /* DetailsViewController.swift */; };
		CF36A0BE26E5E51500ADD2DA /* DetailsViewController.swift in Sources */ = {isa = PBXBuildFile; fileRef = CF36A0BC26E5E51500ADD2DA /* DetailsViewController.swift */; };
		CF4706E82706A06400F7B941 /*  HeaderCollectionReusable.swift in Sources */ = {isa = PBXBuildFile; fileRef = CF4706E72706A06400F7B941 /*  HeaderCollectionReusable.swift */; };
		CF49DEA226E344EC008707C2 /* NewRegistrationViewController.swift in Sources */ = {isa = PBXBuildFile; fileRef = CF49DEA126E344EC008707C2 /* NewRegistrationViewController.swift */; };
		CF4CE57B26FDA8E500BD78CA /* CollectionViewLayout.swift in Sources */ = {isa = PBXBuildFile; fileRef = CF4CE57A26FDA8E500BD78CA /* CollectionViewLayout.swift */; };
		CF4CE5802700446400BD78CA /* CollectionViewCell.swift in Sources */ = {isa = PBXBuildFile; fileRef = CF4CE57E2700446400BD78CA /* CollectionViewCell.swift */; };
		CF4CE5812700446400BD78CA /* CollectionViewCell.xib in Resources */ = {isa = PBXBuildFile; fileRef = CF4CE57F2700446400BD78CA /* CollectionViewCell.xib */; };
		CF91FBE226E894C500150D9F /* DescriptionViewController.swift in Sources */ = {isa = PBXBuildFile; fileRef = CF91FBE126E894C500150D9F /* DescriptionViewController.swift */; };
		CF91FBE426E89F3300150D9F /* IconViewController.swift in Sources */ = {isa = PBXBuildFile; fileRef = CF91FBE326E89F3300150D9F /* IconViewController.swift */; };
		CF96065726FD7E2600E4D2BF /* SideMenu in Frameworks */ = {isa = PBXBuildFile; productRef = CF96065626FD7E2600E4D2BF /* SideMenu */; };
		CF96065926FD7E8200E4D2BF /* SideMenuViewController.swift in Sources */ = {isa = PBXBuildFile; fileRef = CF96065826FD7E8200E4D2BF /* SideMenuViewController.swift */; };
		CF9C81F02727BB3A00C8FB5E /* SDWebImage in Frameworks */ = {isa = PBXBuildFile; productRef = CF9C81EF2727BB3A00C8FB5E /* SDWebImage */; };
		CF9C81F22727DDF900C8FB5E /* Post.swift in Sources */ = {isa = PBXBuildFile; fileRef = CF9C81F12727DDF900C8FB5E /* Post.swift */; };
		CF9C82142727E7E200C8FB5E /* UploadPostController.swift in Sources */ = {isa = PBXBuildFile; fileRef = CF9C82132727E7E200C8FB5E /* UploadPostController.swift */; };
		CF9C82162727E81100C8FB5E /* InputTextView.swift in Sources */ = {isa = PBXBuildFile; fileRef = CF9C82152727E81100C8FB5E /* InputTextView.swift */; };
		CF9C82182727E87000C8FB5E /* PostService.swift in Sources */ = {isa = PBXBuildFile; fileRef = CF9C82172727E87000C8FB5E /* PostService.swift */; };
		CFB3BBB426E2096200EB2B1A /* AppDelegate.swift in Sources */ = {isa = PBXBuildFile; fileRef = CFB3BBB326E2096200EB2B1A /* AppDelegate.swift */; };
		CFB3BBB626E2096200EB2B1A /* SceneDelegate.swift in Sources */ = {isa = PBXBuildFile; fileRef = CFB3BBB526E2096200EB2B1A /* SceneDelegate.swift */; };
		CFB3BBB826E2096200EB2B1A /* LoginViewController.swift in Sources */ = {isa = PBXBuildFile; fileRef = CFB3BBB726E2096200EB2B1A /* LoginViewController.swift */; };
		CFB3BBBB26E2096200EB2B1A /* Main.storyboard in Resources */ = {isa = PBXBuildFile; fileRef = CFB3BBB926E2096200EB2B1A /* Main.storyboard */; };
		CFB3BBBD26E2096600EB2B1A /* Assets.xcassets in Resources */ = {isa = PBXBuildFile; fileRef = CFB3BBBC26E2096600EB2B1A /* Assets.xcassets */; };
		CFB3BBC026E2096600EB2B1A /* LaunchScreen.storyboard in Resources */ = {isa = PBXBuildFile; fileRef = CFB3BBBE26E2096600EB2B1A /* LaunchScreen.storyboard */; };
		CFB3BBCB26E2096600EB2B1A /* recordOrnamentsAppTests.swift in Sources */ = {isa = PBXBuildFile; fileRef = CFB3BBCA26E2096600EB2B1A /* recordOrnamentsAppTests.swift */; };
		CFB3BBD626E2096600EB2B1A /* recordOrnamentsAppUITests.swift in Sources */ = {isa = PBXBuildFile; fileRef = CFB3BBD526E2096600EB2B1A /* recordOrnamentsAppUITests.swift */; };
		CFC22DA42723BDFD0016F688 /* UserSerivice.swift in Sources */ = {isa = PBXBuildFile; fileRef = CFC22DA32723BDFD0016F688 /* UserSerivice.swift */; };
		CFC22DAA2723CBAA0016F688 /* GoogleService-Info.plist in Resources */ = {isa = PBXBuildFile; fileRef = CFC22DA92723CBAA0016F688 /* GoogleService-Info.plist */; };
		CFC22DAC2723CC410016F688 /* AuthService.swift in Sources */ = {isa = PBXBuildFile; fileRef = CFC22DAB2723CC410016F688 /* AuthService.swift */; };
		CFC22DAF2723CD5C0016F688 /* Constants.swift in Sources */ = {isa = PBXBuildFile; fileRef = CFC22DAE2723CD5C0016F688 /* Constants.swift */; };
		CFC22DB12723CE5C0016F688 /* ImageUploader.swift in Sources */ = {isa = PBXBuildFile; fileRef = CFC22DB02723CE5C0016F688 /* ImageUploader.swift */; };
		CFC22DB42723DDA60016F688 /* JGProgressHUD in Frameworks */ = {isa = PBXBuildFile; productRef = CFC22DB32723DDA60016F688 /* JGProgressHUD */; };
		CFC22DB72723DDE40016F688 /* Extensions.swift in Sources */ = {isa = PBXBuildFile; fileRef = CFC22DB62723DDE40016F688 /* Extensions.swift */; };
		CFC22E2C2727B5C00016F688 /* User.swift in Sources */ = {isa = PBXBuildFile; fileRef = CFC22E2B2727B5BF0016F688 /* User.swift */; };
/* End PBXBuildFile section */

/* Begin PBXContainerItemProxy section */
		CFB3BBC726E2096600EB2B1A /* PBXContainerItemProxy */ = {
			isa = PBXContainerItemProxy;
			containerPortal = CFB3BBA826E2096200EB2B1A /* Project object */;
			proxyType = 1;
			remoteGlobalIDString = CFB3BBAF26E2096200EB2B1A;
			remoteInfo = recordOrnamentsApp;
		};
		CFB3BBD226E2096600EB2B1A /* PBXContainerItemProxy */ = {
			isa = PBXContainerItemProxy;
			containerPortal = CFB3BBA826E2096200EB2B1A /* Project object */;
			proxyType = 1;
			remoteGlobalIDString = CFB3BBAF26E2096200EB2B1A;
			remoteInfo = recordOrnamentsApp;
		};
/* End PBXContainerItemProxy section */

/* Begin PBXFileReference section */
		065ADD464A1323181C6FDC6A /* Pods-recordOrnamentsApp-recordOrnamentsAppUITests.release.xcconfig */ = {isa = PBXFileReference; includeInIndex = 1; lastKnownFileType = text.xcconfig; name = "Pods-recordOrnamentsApp-recordOrnamentsAppUITests.release.xcconfig"; path = "Target Support Files/Pods-recordOrnamentsApp-recordOrnamentsAppUITests/Pods-recordOrnamentsApp-recordOrnamentsAppUITests.release.xcconfig"; sourceTree = "<group>"; };
		17A92D214E17A23D6F5F80B4 /* Pods-recordOrnamentsApp.debug.xcconfig */ = {isa = PBXFileReference; includeInIndex = 1; lastKnownFileType = text.xcconfig; name = "Pods-recordOrnamentsApp.debug.xcconfig"; path = "Target Support Files/Pods-recordOrnamentsApp/Pods-recordOrnamentsApp.debug.xcconfig"; sourceTree = "<group>"; };
		48EEFE4858349C94C135527F /* Pods-recordOrnamentsApp.release.xcconfig */ = {isa = PBXFileReference; includeInIndex = 1; lastKnownFileType = text.xcconfig; name = "Pods-recordOrnamentsApp.release.xcconfig"; path = "Target Support Files/Pods-recordOrnamentsApp/Pods-recordOrnamentsApp.release.xcconfig"; sourceTree = "<group>"; };
		5145B5A6E574F5610B631C16 /* Pods-recordOrnamentsAppTests.release.xcconfig */ = {isa = PBXFileReference; includeInIndex = 1; lastKnownFileType = text.xcconfig; name = "Pods-recordOrnamentsAppTests.release.xcconfig"; path = "Target Support Files/Pods-recordOrnamentsAppTests/Pods-recordOrnamentsAppTests.release.xcconfig"; sourceTree = "<group>"; };
		5DC92C14830302263FA47E2F /* Pods_recordOrnamentsApp.framework */ = {isa = PBXFileReference; explicitFileType = wrapper.framework; includeInIndex = 0; path = Pods_recordOrnamentsApp.framework; sourceTree = BUILT_PRODUCTS_DIR; };
		7DD56CF5F56F4D5BDFC8B899 /* Pods-recordOrnamentsApp-recordOrnamentsAppUITests.debug.xcconfig */ = {isa = PBXFileReference; includeInIndex = 1; lastKnownFileType = text.xcconfig; name = "Pods-recordOrnamentsApp-recordOrnamentsAppUITests.debug.xcconfig"; path = "Target Support Files/Pods-recordOrnamentsApp-recordOrnamentsAppUITests/Pods-recordOrnamentsApp-recordOrnamentsAppUITests.debug.xcconfig"; sourceTree = "<group>"; };
		9AF5804951B8EE93CB66504D /* Pods-recordOrnamentsAppTests.debug.xcconfig */ = {isa = PBXFileReference; includeInIndex = 1; lastKnownFileType = text.xcconfig; name = "Pods-recordOrnamentsAppTests.debug.xcconfig"; path = "Target Support Files/Pods-recordOrnamentsAppTests/Pods-recordOrnamentsAppTests.debug.xcconfig"; sourceTree = "<group>"; };
		AC10563D9A190CE1303F1F78 /* Pods_recordOrnamentsAppTests.framework */ = {isa = PBXFileReference; explicitFileType = wrapper.framework; includeInIndex = 0; path = Pods_recordOrnamentsAppTests.framework; sourceTree = BUILT_PRODUCTS_DIR; };
		B1A75445A2429C3958C23B27 /* Pods_recordOrnamentsApp_recordOrnamentsAppUITests.framework */ = {isa = PBXFileReference; explicitFileType = wrapper.framework; includeInIndex = 0; path = Pods_recordOrnamentsApp_recordOrnamentsAppUITests.framework; sourceTree = BUILT_PRODUCTS_DIR; };
		CF2891CA2702C56300FEC85A /* background2.json */ = {isa = PBXFileReference; fileEncoding = 4; lastKnownFileType = text.json; path = background2.json; sourceTree = "<group>"; };
		CF36A0BA26E5E0CC00ADD2DA /* OrnamentViewController.swift */ = {isa = PBXFileReference; lastKnownFileType = sourcecode.swift; path = OrnamentViewController.swift; sourceTree = "<group>"; };
		CF36A0BC26E5E51500ADD2DA /* DetailsViewController.swift */ = {isa = PBXFileReference; lastKnownFileType = sourcecode.swift; path = DetailsViewController.swift; sourceTree = "<group>"; };
		CF4706E72706A06400F7B941 /*  HeaderCollectionReusable.swift */ = {isa = PBXFileReference; lastKnownFileType = sourcecode.swift; path = " HeaderCollectionReusable.swift"; sourceTree = "<group>"; };
		CF49DEA126E344EC008707C2 /* NewRegistrationViewController.swift */ = {isa = PBXFileReference; lastKnownFileType = sourcecode.swift; path = NewRegistrationViewController.swift; sourceTree = "<group>"; };
		CF4CE57A26FDA8E500BD78CA /* CollectionViewLayout.swift */ = {isa = PBXFileReference; lastKnownFileType = sourcecode.swift; path = CollectionViewLayout.swift; sourceTree = "<group>"; };
		CF4CE57E2700446400BD78CA /* CollectionViewCell.swift */ = {isa = PBXFileReference; lastKnownFileType = sourcecode.swift; path = CollectionViewCell.swift; sourceTree = "<group>"; };
		CF4CE57F2700446400BD78CA /* CollectionViewCell.xib */ = {isa = PBXFileReference; lastKnownFileType = file.xib; path = CollectionViewCell.xib; sourceTree = "<group>"; };
		CF91FBE126E894C500150D9F /* DescriptionViewController.swift */ = {isa = PBXFileReference; lastKnownFileType = sourcecode.swift; path = DescriptionViewController.swift; sourceTree = "<group>"; };
		CF91FBE326E89F3300150D9F /* IconViewController.swift */ = {isa = PBXFileReference; lastKnownFileType = sourcecode.swift; path = IconViewController.swift; sourceTree = "<group>"; };
		CF96065826FD7E8200E4D2BF /* SideMenuViewController.swift */ = {isa = PBXFileReference; lastKnownFileType = sourcecode.swift; path = SideMenuViewController.swift; sourceTree = "<group>"; };
		CF9C81F12727DDF900C8FB5E /* Post.swift */ = {isa = PBXFileReference; lastKnownFileType = sourcecode.swift; path = Post.swift; sourceTree = "<group>"; };
		CF9C82132727E7E200C8FB5E /* UploadPostController.swift */ = {isa = PBXFileReference; fileEncoding = 4; lastKnownFileType = sourcecode.swift; path = UploadPostController.swift; sourceTree = "<group>"; };
		CF9C82152727E81100C8FB5E /* InputTextView.swift */ = {isa = PBXFileReference; fileEncoding = 4; lastKnownFileType = sourcecode.swift; path = InputTextView.swift; sourceTree = "<group>"; };
		CF9C82172727E87000C8FB5E /* PostService.swift */ = {isa = PBXFileReference; lastKnownFileType = sourcecode.swift; path = PostService.swift; sourceTree = "<group>"; };
		CFB3BBB026E2096200EB2B1A /* recordOrnamentsApp.app */ = {isa = PBXFileReference; explicitFileType = wrapper.application; includeInIndex = 0; path = recordOrnamentsApp.app; sourceTree = BUILT_PRODUCTS_DIR; };
		CFB3BBB326E2096200EB2B1A /* AppDelegate.swift */ = {isa = PBXFileReference; lastKnownFileType = sourcecode.swift; path = AppDelegate.swift; sourceTree = "<group>"; };
		CFB3BBB526E2096200EB2B1A /* SceneDelegate.swift */ = {isa = PBXFileReference; lastKnownFileType = sourcecode.swift; path = SceneDelegate.swift; sourceTree = "<group>"; };
		CFB3BBB726E2096200EB2B1A /* LoginViewController.swift */ = {isa = PBXFileReference; lastKnownFileType = sourcecode.swift; path = LoginViewController.swift; sourceTree = "<group>"; };
		CFB3BBBA26E2096200EB2B1A /* Base */ = {isa = PBXFileReference; lastKnownFileType = file.storyboard; name = Base; path = Base.lproj/Main.storyboard; sourceTree = "<group>"; };
		CFB3BBBC26E2096600EB2B1A /* Assets.xcassets */ = {isa = PBXFileReference; lastKnownFileType = folder.assetcatalog; path = Assets.xcassets; sourceTree = "<group>"; };
		CFB3BBBF26E2096600EB2B1A /* Base */ = {isa = PBXFileReference; lastKnownFileType = file.storyboard; name = Base; path = Base.lproj/LaunchScreen.storyboard; sourceTree = "<group>"; };
		CFB3BBC126E2096600EB2B1A /* Info.plist */ = {isa = PBXFileReference; lastKnownFileType = text.plist.xml; path = Info.plist; sourceTree = "<group>"; };
		CFB3BBC626E2096600EB2B1A /* recordOrnamentsAppTests.xctest */ = {isa = PBXFileReference; explicitFileType = wrapper.cfbundle; includeInIndex = 0; path = recordOrnamentsAppTests.xctest; sourceTree = BUILT_PRODUCTS_DIR; };
		CFB3BBCA26E2096600EB2B1A /* recordOrnamentsAppTests.swift */ = {isa = PBXFileReference; lastKnownFileType = sourcecode.swift; path = recordOrnamentsAppTests.swift; sourceTree = "<group>"; };
		CFB3BBCC26E2096600EB2B1A /* Info.plist */ = {isa = PBXFileReference; lastKnownFileType = text.plist.xml; path = Info.plist; sourceTree = "<group>"; };
		CFB3BBD126E2096600EB2B1A /* recordOrnamentsAppUITests.xctest */ = {isa = PBXFileReference; explicitFileType = wrapper.cfbundle; includeInIndex = 0; path = recordOrnamentsAppUITests.xctest; sourceTree = BUILT_PRODUCTS_DIR; };
		CFB3BBD526E2096600EB2B1A /* recordOrnamentsAppUITests.swift */ = {isa = PBXFileReference; lastKnownFileType = sourcecode.swift; path = recordOrnamentsAppUITests.swift; sourceTree = "<group>"; };
		CFB3BBD726E2096600EB2B1A /* Info.plist */ = {isa = PBXFileReference; lastKnownFileType = text.plist.xml; path = Info.plist; sourceTree = "<group>"; };
		CFC22DA32723BDFD0016F688 /* UserSerivice.swift */ = {isa = PBXFileReference; lastKnownFileType = sourcecode.swift; path = UserSerivice.swift; sourceTree = "<group>"; };
		CFC22DA92723CBAA0016F688 /* GoogleService-Info.plist */ = {isa = PBXFileReference; fileEncoding = 4; lastKnownFileType = text.plist.xml; path = "GoogleService-Info.plist"; sourceTree = "<group>"; };
		CFC22DAB2723CC410016F688 /* AuthService.swift */ = {isa = PBXFileReference; lastKnownFileType = sourcecode.swift; path = AuthService.swift; sourceTree = "<group>"; };
		CFC22DAE2723CD5C0016F688 /* Constants.swift */ = {isa = PBXFileReference; lastKnownFileType = sourcecode.swift; path = Constants.swift; sourceTree = "<group>"; };
		CFC22DB02723CE5C0016F688 /* ImageUploader.swift */ = {isa = PBXFileReference; fileEncoding = 4; lastKnownFileType = sourcecode.swift; path = ImageUploader.swift; sourceTree = "<group>"; };
		CFC22DB62723DDE40016F688 /* Extensions.swift */ = {isa = PBXFileReference; lastKnownFileType = sourcecode.swift; path = Extensions.swift; sourceTree = "<group>"; };
		CFC22DBB272445730016F688 /* recordOrnamentsApp.entitlements */ = {isa = PBXFileReference; lastKnownFileType = text.plist.entitlements; path = recordOrnamentsApp.entitlements; sourceTree = "<group>"; };
		CFC22E2B2727B5BF0016F688 /* User.swift */ = {isa = PBXFileReference; lastKnownFileType = sourcecode.swift; path = User.swift; sourceTree = "<group>"; };
/* End PBXFileReference section */

/* Begin PBXFrameworksBuildPhase section */
		CFB3BBAD26E2096200EB2B1A /* Frameworks */ = {
			isa = PBXFrameworksBuildPhase;
			buildActionMask = 2147483647;
			files = (
				CFC22DB42723DDA60016F688 /* JGProgressHUD in Frameworks */,
				CF96065726FD7E2600E4D2BF /* SideMenu in Frameworks */,
				CF2891C72702BDAA00FEC85A /* Lottie in Frameworks */,
				B7AB6C5AFB76F00E1D1606EB /* Pods_recordOrnamentsApp.framework in Frameworks */,
				CF9C81F02727BB3A00C8FB5E /* SDWebImage in Frameworks */,
			);
			runOnlyForDeploymentPostprocessing = 0;
		};
		CFB3BBC326E2096600EB2B1A /* Frameworks */ = {
			isa = PBXFrameworksBuildPhase;
			buildActionMask = 2147483647;
			files = (
				326197CE6B376858D485931E /* Pods_recordOrnamentsAppTests.framework in Frameworks */,
			);
			runOnlyForDeploymentPostprocessing = 0;
		};
		CFB3BBCE26E2096600EB2B1A /* Frameworks */ = {
			isa = PBXFrameworksBuildPhase;
			buildActionMask = 2147483647;
			files = (
				47FD0702886A3B4ED9AC2CDD /* Pods_recordOrnamentsApp_recordOrnamentsAppUITests.framework in Frameworks */,
			);
			runOnlyForDeploymentPostprocessing = 0;
		};
/* End PBXFrameworksBuildPhase section */

/* Begin PBXGroup section */
		5031F57AE05AC8CC21D046C1 /* Pods */ = {
			isa = PBXGroup;
			children = (
				17A92D214E17A23D6F5F80B4 /* Pods-recordOrnamentsApp.debug.xcconfig */,
				48EEFE4858349C94C135527F /* Pods-recordOrnamentsApp.release.xcconfig */,
				7DD56CF5F56F4D5BDFC8B899 /* Pods-recordOrnamentsApp-recordOrnamentsAppUITests.debug.xcconfig */,
				065ADD464A1323181C6FDC6A /* Pods-recordOrnamentsApp-recordOrnamentsAppUITests.release.xcconfig */,
				9AF5804951B8EE93CB66504D /* Pods-recordOrnamentsAppTests.debug.xcconfig */,
				5145B5A6E574F5610B631C16 /* Pods-recordOrnamentsAppTests.release.xcconfig */,
			);
			path = Pods;
			sourceTree = "<group>";
		};
		51072523537288AD12CBA513 /* Frameworks */ = {
			isa = PBXGroup;
			children = (
				5DC92C14830302263FA47E2F /* Pods_recordOrnamentsApp.framework */,
				B1A75445A2429C3958C23B27 /* Pods_recordOrnamentsApp_recordOrnamentsAppUITests.framework */,
				AC10563D9A190CE1303F1F78 /* Pods_recordOrnamentsAppTests.framework */,
			);
			name = Frameworks;
			sourceTree = "<group>";
		};
		CF49DEA326E344FC008707C2 /* Controllers */ = {
			isa = PBXGroup;
			children = (
				CF9C82132727E7E200C8FB5E /* UploadPostController.swift */,
				CFB3BBB726E2096200EB2B1A /* LoginViewController.swift */,
				CF49DEA126E344EC008707C2 /* NewRegistrationViewController.swift */,
				CF36A0BA26E5E0CC00ADD2DA /* OrnamentViewController.swift */,
				CF96065826FD7E8200E4D2BF /* SideMenuViewController.swift */,
				CF36A0BC26E5E51500ADD2DA /* DetailsViewController.swift */,
				CF91FBE126E894C500150D9F /* DescriptionViewController.swift */,
				CF91FBE326E89F3300150D9F /* IconViewController.swift */,
			);
			path = Controllers;
			sourceTree = "<group>";
		};
		CF4CE57926FDA8D300BD78CA /* Views */ = {
			isa = PBXGroup;
			children = (
				CFC22DA52723C0A70016F688 /* StoryBoards */,
				CF4CE57D2700440E00BD78CA /* CollectionView */,
			);
			path = Views;
			sourceTree = "<group>";
		};
		CF4CE57D2700440E00BD78CA /* CollectionView */ = {
			isa = PBXGroup;
			children = (
				CF4CE57A26FDA8E500BD78CA /* CollectionViewLayout.swift */,
				CF4CE57E2700446400BD78CA /* CollectionViewCell.swift */,
				CF4CE57F2700446400BD78CA /* CollectionViewCell.xib */,
				CF4706E72706A06400F7B941 /*  HeaderCollectionReusable.swift */,
			);
			path = CollectionView;
			sourceTree = "<group>";
		};
		CFB3BBA726E2096200EB2B1A = {
			isa = PBXGroup;
			children = (
				CFB3BBB226E2096200EB2B1A /* recordOrnamentsApp */,
				CFB3BBC926E2096600EB2B1A /* recordOrnamentsAppTests */,
				CFB3BBD426E2096600EB2B1A /* recordOrnamentsAppUITests */,
				CFB3BBB126E2096200EB2B1A /* Products */,
				5031F57AE05AC8CC21D046C1 /* Pods */,
				51072523537288AD12CBA513 /* Frameworks */,
			);
			sourceTree = "<group>";
		};
		CFB3BBB126E2096200EB2B1A /* Products */ = {
			isa = PBXGroup;
			children = (
				CFB3BBB026E2096200EB2B1A /* recordOrnamentsApp.app */,
				CFB3BBC626E2096600EB2B1A /* recordOrnamentsAppTests.xctest */,
				CFB3BBD126E2096600EB2B1A /* recordOrnamentsAppUITests.xctest */,
			);
			name = Products;
			sourceTree = "<group>";
		};
		CFB3BBB226E2096200EB2B1A /* recordOrnamentsApp */ = {
			isa = PBXGroup;
			children = (
				CFC22DBB272445730016F688 /* recordOrnamentsApp.entitlements */,
				CFC22DA92723CBAA0016F688 /* GoogleService-Info.plist */,
				CFB3BBC126E2096600EB2B1A /* Info.plist */,
				CFC22DAD2723CD180016F688 /* Utils */,
				CFC22DA72723CB580016F688 /* Resources */,
				CFC22E2A2727B5AB0016F688 /* Models */,
				CF4CE57926FDA8D300BD78CA /* Views */,
				CF49DEA326E344FC008707C2 /* Controllers */,
				CFB3BBBC26E2096600EB2B1A /* Assets.xcassets */,
				CF2891CA2702C56300FEC85A /* background2.json */,
			);
			path = recordOrnamentsApp;
			sourceTree = "<group>";
		};
		CFB3BBC926E2096600EB2B1A /* recordOrnamentsAppTests */ = {
			isa = PBXGroup;
			children = (
				CFB3BBCA26E2096600EB2B1A /* recordOrnamentsAppTests.swift */,
				CFB3BBCC26E2096600EB2B1A /* Info.plist */,
			);
			path = recordOrnamentsAppTests;
			sourceTree = "<group>";
		};
		CFB3BBD426E2096600EB2B1A /* recordOrnamentsAppUITests */ = {
			isa = PBXGroup;
			children = (
				CFB3BBD526E2096600EB2B1A /* recordOrnamentsAppUITests.swift */,
				CFB3BBD726E2096600EB2B1A /* Info.plist */,
			);
			path = recordOrnamentsAppUITests;
			sourceTree = "<group>";
		};
		CFC22DA22723BDD60016F688 /* API */ = {
			isa = PBXGroup;
			children = (
				CFC22DA32723BDFD0016F688 /* UserSerivice.swift */,
				CFC22DAB2723CC410016F688 /* AuthService.swift */,
				CFC22DB02723CE5C0016F688 /* ImageUploader.swift */,
				CF9C82172727E87000C8FB5E /* PostService.swift */,
			);
			path = API;
			sourceTree = "<group>";
		};
		CFC22DA52723C0A70016F688 /* StoryBoards */ = {
			isa = PBXGroup;
			children = (
				CFB3BBB926E2096200EB2B1A /* Main.storyboard */,
				CFB3BBBE26E2096600EB2B1A /* LaunchScreen.storyboard */,
			);
			path = StoryBoards;
			sourceTree = "<group>";
		};
		CFC22DA72723CB580016F688 /* Resources */ = {
			isa = PBXGroup;
			children = (
				CFB3BBB326E2096200EB2B1A /* AppDelegate.swift */,
				CFB3BBB526E2096200EB2B1A /* SceneDelegate.swift */,
				CFC22DA22723BDD60016F688 /* API */,
			);
			path = Resources;
			sourceTree = "<group>";
		};
		CFC22DAD2723CD180016F688 /* Utils */ = {
			isa = PBXGroup;
			children = (
				CF9C82152727E81100C8FB5E /* InputTextView.swift */,
				CFC22DAE2723CD5C0016F688 /* Constants.swift */,
				CFC22DB62723DDE40016F688 /* Extensions.swift */,
			);
			path = Utils;
			sourceTree = "<group>";
		};
		CFC22E2A2727B5AB0016F688 /* Models */ = {
			isa = PBXGroup;
			children = (
				CFC22E2B2727B5BF0016F688 /* User.swift */,
				CF9C81F12727DDF900C8FB5E /* Post.swift */,
			);
			path = Models;
			sourceTree = "<group>";
		};
/* End PBXGroup section */

/* Begin PBXNativeTarget section */
		CFB3BBAF26E2096200EB2B1A /* recordOrnamentsApp */ = {
			isa = PBXNativeTarget;
			buildConfigurationList = CFB3BBDA26E2096600EB2B1A /* Build configuration list for PBXNativeTarget "recordOrnamentsApp" */;
			buildPhases = (
				49206C75E157D70F1A857BF5 /* [CP] Check Pods Manifest.lock */,
				CFB3BBAC26E2096200EB2B1A /* Sources */,
				CFB3BBAD26E2096200EB2B1A /* Frameworks */,
				CFB3BBAE26E2096200EB2B1A /* Resources */,
				8AD0A4AC60A9ADEDF584CDC2 /* [CP] Embed Pods Frameworks */,
			);
			buildRules = (
			);
			dependencies = (
			);
			name = recordOrnamentsApp;
			packageProductDependencies = (
				CF96065626FD7E2600E4D2BF /* SideMenu */,
				CF2891C62702BDAA00FEC85A /* Lottie */,
				CFC22DB32723DDA60016F688 /* JGProgressHUD */,
				CF9C81EF2727BB3A00C8FB5E /* SDWebImage */,
			);
			productName = recordOrnamentsApp;
			productReference = CFB3BBB026E2096200EB2B1A /* recordOrnamentsApp.app */;
			productType = "com.apple.product-type.application";
		};
		CFB3BBC526E2096600EB2B1A /* recordOrnamentsAppTests */ = {
			isa = PBXNativeTarget;
			buildConfigurationList = CFB3BBDD26E2096600EB2B1A /* Build configuration list for PBXNativeTarget "recordOrnamentsAppTests" */;
			buildPhases = (
				553AB6CF780EF0358BC94EBF /* [CP] Check Pods Manifest.lock */,
				CFB3BBC226E2096600EB2B1A /* Sources */,
				CFB3BBC326E2096600EB2B1A /* Frameworks */,
				CFB3BBC426E2096600EB2B1A /* Resources */,
			);
			buildRules = (
			);
			dependencies = (
				CFB3BBC826E2096600EB2B1A /* PBXTargetDependency */,
			);
			name = recordOrnamentsAppTests;
			productName = recordOrnamentsAppTests;
			productReference = CFB3BBC626E2096600EB2B1A /* recordOrnamentsAppTests.xctest */;
			productType = "com.apple.product-type.bundle.unit-test";
		};
		CFB3BBD026E2096600EB2B1A /* recordOrnamentsAppUITests */ = {
			isa = PBXNativeTarget;
			buildConfigurationList = CFB3BBE026E2096600EB2B1A /* Build configuration list for PBXNativeTarget "recordOrnamentsAppUITests" */;
			buildPhases = (
				8C49833A63F0DC25CC340942 /* [CP] Check Pods Manifest.lock */,
				CFB3BBCD26E2096600EB2B1A /* Sources */,
				CFB3BBCE26E2096600EB2B1A /* Frameworks */,
				CFB3BBCF26E2096600EB2B1A /* Resources */,
				BB49CEDE2A9916A9765E1886 /* [CP] Embed Pods Frameworks */,
			);
			buildRules = (
			);
			dependencies = (
				CFB3BBD326E2096600EB2B1A /* PBXTargetDependency */,
			);
			name = recordOrnamentsAppUITests;
			productName = recordOrnamentsAppUITests;
			productReference = CFB3BBD126E2096600EB2B1A /* recordOrnamentsAppUITests.xctest */;
			productType = "com.apple.product-type.bundle.ui-testing";
		};
/* End PBXNativeTarget section */

/* Begin PBXProject section */
		CFB3BBA826E2096200EB2B1A /* Project object */ = {
			isa = PBXProject;
			attributes = {
				LastSwiftUpdateCheck = 1250;
				LastUpgradeCheck = 1250;
				TargetAttributes = {
					CFB3BBAF26E2096200EB2B1A = {
						CreatedOnToolsVersion = 12.5;
					};
					CFB3BBC526E2096600EB2B1A = {
						CreatedOnToolsVersion = 12.5;
						TestTargetID = CFB3BBAF26E2096200EB2B1A;
					};
					CFB3BBD026E2096600EB2B1A = {
						CreatedOnToolsVersion = 12.5;
						TestTargetID = CFB3BBAF26E2096200EB2B1A;
					};
				};
			};
			buildConfigurationList = CFB3BBAB26E2096200EB2B1A /* Build configuration list for PBXProject "recordOrnamentsApp" */;
			compatibilityVersion = "Xcode 9.3";
			developmentRegion = en;
			hasScannedForEncodings = 0;
			knownRegions = (
				en,
				Base,
			);
			mainGroup = CFB3BBA726E2096200EB2B1A;
			packageReferences = (
				CF96065526FD7E2600E4D2BF /* XCRemoteSwiftPackageReference "SideMenu" */,
				CF2891C52702BDAA00FEC85A /* XCRemoteSwiftPackageReference "lottie-ios" */,
				CFC22DB22723DDA60016F688 /* XCRemoteSwiftPackageReference "JGProgressHUD" */,
				CF9C81EE2727BB3A00C8FB5E /* XCRemoteSwiftPackageReference "SDWebImage" */,
			);
			productRefGroup = CFB3BBB126E2096200EB2B1A /* Products */;
			projectDirPath = "";
			projectRoot = "";
			targets = (
				CFB3BBAF26E2096200EB2B1A /* recordOrnamentsApp */,
				CFB3BBC526E2096600EB2B1A /* recordOrnamentsAppTests */,
				CFB3BBD026E2096600EB2B1A /* recordOrnamentsAppUITests */,
			);
		};
/* End PBXProject section */

/* Begin PBXResourcesBuildPhase section */
		CFB3BBAE26E2096200EB2B1A /* Resources */ = {
			isa = PBXResourcesBuildPhase;
			buildActionMask = 2147483647;
			files = (
				CFB3BBC026E2096600EB2B1A /* LaunchScreen.storyboard in Resources */,
				CFB3BBBD26E2096600EB2B1A /* Assets.xcassets in Resources */,
				CF4CE5812700446400BD78CA /* CollectionViewCell.xib in Resources */,
				CFC22DAA2723CBAA0016F688 /* GoogleService-Info.plist in Resources */,
				CF2891CB2702C56300FEC85A /* background2.json in Resources */,
				CFB3BBBB26E2096200EB2B1A /* Main.storyboard in Resources */,
			);
			runOnlyForDeploymentPostprocessing = 0;
		};
		CFB3BBC426E2096600EB2B1A /* Resources */ = {
			isa = PBXResourcesBuildPhase;
			buildActionMask = 2147483647;
			files = (
			);
			runOnlyForDeploymentPostprocessing = 0;
		};
		CFB3BBCF26E2096600EB2B1A /* Resources */ = {
			isa = PBXResourcesBuildPhase;
			buildActionMask = 2147483647;
			files = (
			);
			runOnlyForDeploymentPostprocessing = 0;
		};
/* End PBXResourcesBuildPhase section */

/* Begin PBXShellScriptBuildPhase section */
		49206C75E157D70F1A857BF5 /* [CP] Check Pods Manifest.lock */ = {
			isa = PBXShellScriptBuildPhase;
			buildActionMask = 2147483647;
			files = (
			);
			inputFileListPaths = (
			);
			inputPaths = (
				"${PODS_PODFILE_DIR_PATH}/Podfile.lock",
				"${PODS_ROOT}/Manifest.lock",
			);
			name = "[CP] Check Pods Manifest.lock";
			outputFileListPaths = (
			);
			outputPaths = (
				"$(DERIVED_FILE_DIR)/Pods-recordOrnamentsApp-checkManifestLockResult.txt",
			);
			runOnlyForDeploymentPostprocessing = 0;
			shellPath = /bin/sh;
			shellScript = "diff \"${PODS_PODFILE_DIR_PATH}/Podfile.lock\" \"${PODS_ROOT}/Manifest.lock\" > /dev/null\nif [ $? != 0 ] ; then\n    # print error to STDERR\n    echo \"error: The sandbox is not in sync with the Podfile.lock. Run 'pod install' or update your CocoaPods installation.\" >&2\n    exit 1\nfi\n# This output is used by Xcode 'outputs' to avoid re-running this script phase.\necho \"SUCCESS\" > \"${SCRIPT_OUTPUT_FILE_0}\"\n";
			showEnvVarsInLog = 0;
		};
		553AB6CF780EF0358BC94EBF /* [CP] Check Pods Manifest.lock */ = {
			isa = PBXShellScriptBuildPhase;
			buildActionMask = 2147483647;
			files = (
			);
			inputFileListPaths = (
			);
			inputPaths = (
				"${PODS_PODFILE_DIR_PATH}/Podfile.lock",
				"${PODS_ROOT}/Manifest.lock",
			);
			name = "[CP] Check Pods Manifest.lock";
			outputFileListPaths = (
			);
			outputPaths = (
				"$(DERIVED_FILE_DIR)/Pods-recordOrnamentsAppTests-checkManifestLockResult.txt",
			);
			runOnlyForDeploymentPostprocessing = 0;
			shellPath = /bin/sh;
			shellScript = "diff \"${PODS_PODFILE_DIR_PATH}/Podfile.lock\" \"${PODS_ROOT}/Manifest.lock\" > /dev/null\nif [ $? != 0 ] ; then\n    # print error to STDERR\n    echo \"error: The sandbox is not in sync with the Podfile.lock. Run 'pod install' or update your CocoaPods installation.\" >&2\n    exit 1\nfi\n# This output is used by Xcode 'outputs' to avoid re-running this script phase.\necho \"SUCCESS\" > \"${SCRIPT_OUTPUT_FILE_0}\"\n";
			showEnvVarsInLog = 0;
		};
		8AD0A4AC60A9ADEDF584CDC2 /* [CP] Embed Pods Frameworks */ = {
			isa = PBXShellScriptBuildPhase;
			buildActionMask = 2147483647;
			files = (
			);
			inputFileListPaths = (
				"${PODS_ROOT}/Target Support Files/Pods-recordOrnamentsApp/Pods-recordOrnamentsApp-frameworks-${CONFIGURATION}-input-files.xcfilelist",
			);
			name = "[CP] Embed Pods Frameworks";
			outputFileListPaths = (
				"${PODS_ROOT}/Target Support Files/Pods-recordOrnamentsApp/Pods-recordOrnamentsApp-frameworks-${CONFIGURATION}-output-files.xcfilelist",
			);
			runOnlyForDeploymentPostprocessing = 0;
			shellPath = /bin/sh;
			shellScript = "\"${PODS_ROOT}/Target Support Files/Pods-recordOrnamentsApp/Pods-recordOrnamentsApp-frameworks.sh\"\n";
			showEnvVarsInLog = 0;
		};
		8C49833A63F0DC25CC340942 /* [CP] Check Pods Manifest.lock */ = {
			isa = PBXShellScriptBuildPhase;
			buildActionMask = 2147483647;
			files = (
			);
			inputFileListPaths = (
			);
			inputPaths = (
				"${PODS_PODFILE_DIR_PATH}/Podfile.lock",
				"${PODS_ROOT}/Manifest.lock",
			);
			name = "[CP] Check Pods Manifest.lock";
			outputFileListPaths = (
			);
			outputPaths = (
				"$(DERIVED_FILE_DIR)/Pods-recordOrnamentsApp-recordOrnamentsAppUITests-checkManifestLockResult.txt",
			);
			runOnlyForDeploymentPostprocessing = 0;
			shellPath = /bin/sh;
			shellScript = "diff \"${PODS_PODFILE_DIR_PATH}/Podfile.lock\" \"${PODS_ROOT}/Manifest.lock\" > /dev/null\nif [ $? != 0 ] ; then\n    # print error to STDERR\n    echo \"error: The sandbox is not in sync with the Podfile.lock. Run 'pod install' or update your CocoaPods installation.\" >&2\n    exit 1\nfi\n# This output is used by Xcode 'outputs' to avoid re-running this script phase.\necho \"SUCCESS\" > \"${SCRIPT_OUTPUT_FILE_0}\"\n";
			showEnvVarsInLog = 0;
		};
		BB49CEDE2A9916A9765E1886 /* [CP] Embed Pods Frameworks */ = {
			isa = PBXShellScriptBuildPhase;
			buildActionMask = 2147483647;
			files = (
			);
			inputFileListPaths = (
				"${PODS_ROOT}/Target Support Files/Pods-recordOrnamentsApp-recordOrnamentsAppUITests/Pods-recordOrnamentsApp-recordOrnamentsAppUITests-frameworks-${CONFIGURATION}-input-files.xcfilelist",
			);
			name = "[CP] Embed Pods Frameworks";
			outputFileListPaths = (
				"${PODS_ROOT}/Target Support Files/Pods-recordOrnamentsApp-recordOrnamentsAppUITests/Pods-recordOrnamentsApp-recordOrnamentsAppUITests-frameworks-${CONFIGURATION}-output-files.xcfilelist",
			);
			runOnlyForDeploymentPostprocessing = 0;
			shellPath = /bin/sh;
			shellScript = "\"${PODS_ROOT}/Target Support Files/Pods-recordOrnamentsApp-recordOrnamentsAppUITests/Pods-recordOrnamentsApp-recordOrnamentsAppUITests-frameworks.sh\"\n";
			showEnvVarsInLog = 0;
		};
/* End PBXShellScriptBuildPhase section */

/* Begin PBXSourcesBuildPhase section */
		CFB3BBAC26E2096200EB2B1A /* Sources */ = {
			isa = PBXSourcesBuildPhase;
			buildActionMask = 2147483647;
			files = (
				CF9C82162727E81100C8FB5E /* InputTextView.swift in Sources */,
				CFB3BBB826E2096200EB2B1A /* LoginViewController.swift in Sources */,
				CFC22DAF2723CD5C0016F688 /* Constants.swift in Sources */,
				CF91FBE226E894C500150D9F /* DescriptionViewController.swift in Sources */,
				CF36A0BB26E5E0CC00ADD2DA /* OrnamentViewController.swift in Sources */,
				CF9C82182727E87000C8FB5E /* PostService.swift in Sources */,
				CFC22DA42723BDFD0016F688 /* UserSerivice.swift in Sources */,
				CFC22DB12723CE5C0016F688 /* ImageUploader.swift in Sources */,
				CF91FBE426E89F3300150D9F /* IconViewController.swift in Sources */,
				CFC22DB72723DDE40016F688 /* Extensions.swift in Sources */,
				CF96065926FD7E8200E4D2BF /* SideMenuViewController.swift in Sources */,
				CF4CE57B26FDA8E500BD78CA /* CollectionViewLayout.swift in Sources */,
				CFB3BBB426E2096200EB2B1A /* AppDelegate.swift in Sources */,
				CF4CE5802700446400BD78CA /* CollectionViewCell.swift in Sources */,
				CF9C82142727E7E200C8FB5E /* UploadPostController.swift in Sources */,
				CF4706E82706A06400F7B941 /*  HeaderCollectionReusable.swift in Sources */,
				CF49DEA226E344EC008707C2 /* NewRegistrationViewController.swift in Sources */,
				CFC22E2C2727B5C00016F688 /* User.swift in Sources */,
				CFB3BBB626E2096200EB2B1A /* SceneDelegate.swift in Sources */,
				CF9C81F22727DDF900C8FB5E /* Post.swift in Sources */,
				CF36A0BD26E5E51500ADD2DA /* DetailsViewController.swift in Sources */,
				CFC22DAC2723CC410016F688 /* AuthService.swift in Sources */,
			);
			runOnlyForDeploymentPostprocessing = 0;
		};
		CFB3BBC226E2096600EB2B1A /* Sources */ = {
			isa = PBXSourcesBuildPhase;
			buildActionMask = 2147483647;
			files = (
				CFB3BBCB26E2096600EB2B1A /* recordOrnamentsAppTests.swift in Sources */,
				CF36A0BE26E5E51500ADD2DA /* DetailsViewController.swift in Sources */,
			);
			runOnlyForDeploymentPostprocessing = 0;
		};
		CFB3BBCD26E2096600EB2B1A /* Sources */ = {
			isa = PBXSourcesBuildPhase;
			buildActionMask = 2147483647;
			files = (
				CFB3BBD626E2096600EB2B1A /* recordOrnamentsAppUITests.swift in Sources */,
			);
			runOnlyForDeploymentPostprocessing = 0;
		};
/* End PBXSourcesBuildPhase section */

/* Begin PBXTargetDependency section */
		CFB3BBC826E2096600EB2B1A /* PBXTargetDependency */ = {
			isa = PBXTargetDependency;
			target = CFB3BBAF26E2096200EB2B1A /* recordOrnamentsApp */;
			targetProxy = CFB3BBC726E2096600EB2B1A /* PBXContainerItemProxy */;
		};
		CFB3BBD326E2096600EB2B1A /* PBXTargetDependency */ = {
			isa = PBXTargetDependency;
			target = CFB3BBAF26E2096200EB2B1A /* recordOrnamentsApp */;
			targetProxy = CFB3BBD226E2096600EB2B1A /* PBXContainerItemProxy */;
		};
/* End PBXTargetDependency section */

/* Begin PBXVariantGroup section */
		CFB3BBB926E2096200EB2B1A /* Main.storyboard */ = {
			isa = PBXVariantGroup;
			children = (
				CFB3BBBA26E2096200EB2B1A /* Base */,
			);
			name = Main.storyboard;
			sourceTree = "<group>";
		};
		CFB3BBBE26E2096600EB2B1A /* LaunchScreen.storyboard */ = {
			isa = PBXVariantGroup;
			children = (
				CFB3BBBF26E2096600EB2B1A /* Base */,
			);
			name = LaunchScreen.storyboard;
			sourceTree = "<group>";
		};
/* End PBXVariantGroup section */

/* Begin XCBuildConfiguration section */
		CFB3BBD826E2096600EB2B1A /* Debug */ = {
			isa = XCBuildConfiguration;
			buildSettings = {
				ALWAYS_SEARCH_USER_PATHS = NO;
				CLANG_ANALYZER_NONNULL = YES;
				CLANG_ANALYZER_NUMBER_OBJECT_CONVERSION = YES_AGGRESSIVE;
				CLANG_CXX_LANGUAGE_STANDARD = "gnu++14";
				CLANG_CXX_LIBRARY = "libc++";
				CLANG_ENABLE_MODULES = YES;
				CLANG_ENABLE_OBJC_ARC = YES;
				CLANG_ENABLE_OBJC_WEAK = YES;
				CLANG_WARN_BLOCK_CAPTURE_AUTORELEASING = YES;
				CLANG_WARN_BOOL_CONVERSION = YES;
				CLANG_WARN_COMMA = YES;
				CLANG_WARN_CONSTANT_CONVERSION = YES;
				CLANG_WARN_DEPRECATED_OBJC_IMPLEMENTATIONS = YES;
				CLANG_WARN_DIRECT_OBJC_ISA_USAGE = YES_ERROR;
				CLANG_WARN_DOCUMENTATION_COMMENTS = YES;
				CLANG_WARN_EMPTY_BODY = YES;
				CLANG_WARN_ENUM_CONVERSION = YES;
				CLANG_WARN_INFINITE_RECURSION = YES;
				CLANG_WARN_INT_CONVERSION = YES;
				CLANG_WARN_NON_LITERAL_NULL_CONVERSION = YES;
				CLANG_WARN_OBJC_IMPLICIT_RETAIN_SELF = YES;
				CLANG_WARN_OBJC_LITERAL_CONVERSION = YES;
				CLANG_WARN_OBJC_ROOT_CLASS = YES_ERROR;
				CLANG_WARN_QUOTED_INCLUDE_IN_FRAMEWORK_HEADER = YES;
				CLANG_WARN_RANGE_LOOP_ANALYSIS = YES;
				CLANG_WARN_STRICT_PROTOTYPES = YES;
				CLANG_WARN_SUSPICIOUS_MOVE = YES;
				CLANG_WARN_UNGUARDED_AVAILABILITY = YES_AGGRESSIVE;
				CLANG_WARN_UNREACHABLE_CODE = YES;
				CLANG_WARN__DUPLICATE_METHOD_MATCH = YES;
				COPY_PHASE_STRIP = NO;
				DEBUG_INFORMATION_FORMAT = dwarf;
				ENABLE_STRICT_OBJC_MSGSEND = YES;
				ENABLE_TESTABILITY = YES;
				GCC_C_LANGUAGE_STANDARD = gnu11;
				GCC_DYNAMIC_NO_PIC = NO;
				GCC_NO_COMMON_BLOCKS = YES;
				GCC_OPTIMIZATION_LEVEL = 0;
				GCC_PREPROCESSOR_DEFINITIONS = (
					"DEBUG=1",
					"$(inherited)",
				);
				GCC_WARN_64_TO_32_BIT_CONVERSION = YES;
				GCC_WARN_ABOUT_RETURN_TYPE = YES_ERROR;
				GCC_WARN_UNDECLARED_SELECTOR = YES;
				GCC_WARN_UNINITIALIZED_AUTOS = YES_AGGRESSIVE;
				GCC_WARN_UNUSED_FUNCTION = YES;
				GCC_WARN_UNUSED_VARIABLE = YES;
				IPHONEOS_DEPLOYMENT_TARGET = 14.5;
				MTL_ENABLE_DEBUG_INFO = INCLUDE_SOURCE;
				MTL_FAST_MATH = YES;
				ONLY_ACTIVE_ARCH = YES;
				SDKROOT = iphoneos;
				SWIFT_ACTIVE_COMPILATION_CONDITIONS = DEBUG;
				SWIFT_OPTIMIZATION_LEVEL = "-Onone";
			};
			name = Debug;
		};
		CFB3BBD926E2096600EB2B1A /* Release */ = {
			isa = XCBuildConfiguration;
			buildSettings = {
				ALWAYS_SEARCH_USER_PATHS = NO;
				CLANG_ANALYZER_NONNULL = YES;
				CLANG_ANALYZER_NUMBER_OBJECT_CONVERSION = YES_AGGRESSIVE;
				CLANG_CXX_LANGUAGE_STANDARD = "gnu++14";
				CLANG_CXX_LIBRARY = "libc++";
				CLANG_ENABLE_MODULES = YES;
				CLANG_ENABLE_OBJC_ARC = YES;
				CLANG_ENABLE_OBJC_WEAK = YES;
				CLANG_WARN_BLOCK_CAPTURE_AUTORELEASING = YES;
				CLANG_WARN_BOOL_CONVERSION = YES;
				CLANG_WARN_COMMA = YES;
				CLANG_WARN_CONSTANT_CONVERSION = YES;
				CLANG_WARN_DEPRECATED_OBJC_IMPLEMENTATIONS = YES;
				CLANG_WARN_DIRECT_OBJC_ISA_USAGE = YES_ERROR;
				CLANG_WARN_DOCUMENTATION_COMMENTS = YES;
				CLANG_WARN_EMPTY_BODY = YES;
				CLANG_WARN_ENUM_CONVERSION = YES;
				CLANG_WARN_INFINITE_RECURSION = YES;
				CLANG_WARN_INT_CONVERSION = YES;
				CLANG_WARN_NON_LITERAL_NULL_CONVERSION = YES;
				CLANG_WARN_OBJC_IMPLICIT_RETAIN_SELF = YES;
				CLANG_WARN_OBJC_LITERAL_CONVERSION = YES;
				CLANG_WARN_OBJC_ROOT_CLASS = YES_ERROR;
				CLANG_WARN_QUOTED_INCLUDE_IN_FRAMEWORK_HEADER = YES;
				CLANG_WARN_RANGE_LOOP_ANALYSIS = YES;
				CLANG_WARN_STRICT_PROTOTYPES = YES;
				CLANG_WARN_SUSPICIOUS_MOVE = YES;
				CLANG_WARN_UNGUARDED_AVAILABILITY = YES_AGGRESSIVE;
				CLANG_WARN_UNREACHABLE_CODE = YES;
				CLANG_WARN__DUPLICATE_METHOD_MATCH = YES;
				COPY_PHASE_STRIP = NO;
				DEBUG_INFORMATION_FORMAT = "dwarf-with-dsym";
				ENABLE_NS_ASSERTIONS = NO;
				ENABLE_STRICT_OBJC_MSGSEND = YES;
				GCC_C_LANGUAGE_STANDARD = gnu11;
				GCC_NO_COMMON_BLOCKS = YES;
				GCC_WARN_64_TO_32_BIT_CONVERSION = YES;
				GCC_WARN_ABOUT_RETURN_TYPE = YES_ERROR;
				GCC_WARN_UNDECLARED_SELECTOR = YES;
				GCC_WARN_UNINITIALIZED_AUTOS = YES_AGGRESSIVE;
				GCC_WARN_UNUSED_FUNCTION = YES;
				GCC_WARN_UNUSED_VARIABLE = YES;
				IPHONEOS_DEPLOYMENT_TARGET = 14.5;
				MTL_ENABLE_DEBUG_INFO = NO;
				MTL_FAST_MATH = YES;
				SDKROOT = iphoneos;
				SWIFT_COMPILATION_MODE = wholemodule;
				SWIFT_OPTIMIZATION_LEVEL = "-O";
				VALIDATE_PRODUCT = YES;
			};
			name = Release;
		};
		CFB3BBDB26E2096600EB2B1A /* Debug */ = {
			isa = XCBuildConfiguration;
			baseConfigurationReference = 17A92D214E17A23D6F5F80B4 /* Pods-recordOrnamentsApp.debug.xcconfig */;
			buildSettings = {
				ASSETCATALOG_COMPILER_APPICON_NAME = AppIcon;
				ASSETCATALOG_COMPILER_GLOBAL_ACCENT_COLOR_NAME = AccentColor;
				CODE_SIGN_ENTITLEMENTS = recordOrnamentsApp/recordOrnamentsApp.entitlements;
				CODE_SIGN_STYLE = Automatic;
				DEVELOPMENT_TEAM = XS2R7967QT;
				INFOPLIST_FILE = recordOrnamentsApp/Info.plist;
				IPHONEOS_DEPLOYMENT_TARGET = 15.0;
				LD_RUNPATH_SEARCH_PATHS = (
					"$(inherited)",
					"@executable_path/Frameworks",
				);
				PRODUCT_BUNDLE_IDENTIFIER = cow.iwaski.recordOrnamentsApp;
				PRODUCT_NAME = "$(TARGET_NAME)";
				SWIFT_VERSION = 5.0;
				TARGETED_DEVICE_FAMILY = 1;
			};
			name = Debug;
		};
		CFB3BBDC26E2096600EB2B1A /* Release */ = {
			isa = XCBuildConfiguration;
			baseConfigurationReference = 48EEFE4858349C94C135527F /* Pods-recordOrnamentsApp.release.xcconfig */;
			buildSettings = {
				ASSETCATALOG_COMPILER_APPICON_NAME = AppIcon;
				ASSETCATALOG_COMPILER_GLOBAL_ACCENT_COLOR_NAME = AccentColor;
				CODE_SIGN_ENTITLEMENTS = recordOrnamentsApp/recordOrnamentsApp.entitlements;
				CODE_SIGN_STYLE = Automatic;
				DEVELOPMENT_TEAM = XS2R7967QT;
				INFOPLIST_FILE = recordOrnamentsApp/Info.plist;
				IPHONEOS_DEPLOYMENT_TARGET = 15.0;
				LD_RUNPATH_SEARCH_PATHS = (
					"$(inherited)",
					"@executable_path/Frameworks",
				);
				PRODUCT_BUNDLE_IDENTIFIER = cow.iwaski.recordOrnamentsApp;
				PRODUCT_NAME = "$(TARGET_NAME)";
				SWIFT_VERSION = 5.0;
				TARGETED_DEVICE_FAMILY = 1;
			};
			name = Release;
		};
		CFB3BBDE26E2096600EB2B1A /* Debug */ = {
			isa = XCBuildConfiguration;
			baseConfigurationReference = 9AF5804951B8EE93CB66504D /* Pods-recordOrnamentsAppTests.debug.xcconfig */;
			buildSettings = {
				ALWAYS_EMBED_SWIFT_STANDARD_LIBRARIES = YES;
				BUNDLE_LOADER = "$(TEST_HOST)";
				CODE_SIGN_STYLE = Automatic;
				DEVELOPMENT_TEAM = XS2R7967QT;
				INFOPLIST_FILE = recordOrnamentsAppTests/Info.plist;
				IPHONEOS_DEPLOYMENT_TARGET = 14.5;
				LD_RUNPATH_SEARCH_PATHS = (
					"$(inherited)",
					"@executable_path/Frameworks",
					"@loader_path/Frameworks",
				);
				PRODUCT_BUNDLE_IDENTIFIER = cow.iwaski.recordOrnamentsAppTests;
				PRODUCT_NAME = "$(TARGET_NAME)";
				SWIFT_VERSION = 5.0;
				TARGETED_DEVICE_FAMILY = "1,2";
				TEST_HOST = "$(BUILT_PRODUCTS_DIR)/recordOrnamentsApp.app/recordOrnamentsApp";
			};
			name = Debug;
		};
		CFB3BBDF26E2096600EB2B1A /* Release */ = {
			isa = XCBuildConfiguration;
			baseConfigurationReference = 5145B5A6E574F5610B631C16 /* Pods-recordOrnamentsAppTests.release.xcconfig */;
			buildSettings = {
				ALWAYS_EMBED_SWIFT_STANDARD_LIBRARIES = YES;
				BUNDLE_LOADER = "$(TEST_HOST)";
				CODE_SIGN_STYLE = Automatic;
				DEVELOPMENT_TEAM = XS2R7967QT;
				INFOPLIST_FILE = recordOrnamentsAppTests/Info.plist;
				IPHONEOS_DEPLOYMENT_TARGET = 14.5;
				LD_RUNPATH_SEARCH_PATHS = (
					"$(inherited)",
					"@executable_path/Frameworks",
					"@loader_path/Frameworks",
				);
				PRODUCT_BUNDLE_IDENTIFIER = cow.iwaski.recordOrnamentsAppTests;
				PRODUCT_NAME = "$(TARGET_NAME)";
				SWIFT_VERSION = 5.0;
				TARGETED_DEVICE_FAMILY = "1,2";
				TEST_HOST = "$(BUILT_PRODUCTS_DIR)/recordOrnamentsApp.app/recordOrnamentsApp";
			};
			name = Release;
		};
		CFB3BBE126E2096600EB2B1A /* Debug */ = {
			isa = XCBuildConfiguration;
			baseConfigurationReference = 7DD56CF5F56F4D5BDFC8B899 /* Pods-recordOrnamentsApp-recordOrnamentsAppUITests.debug.xcconfig */;
			buildSettings = {
				ALWAYS_EMBED_SWIFT_STANDARD_LIBRARIES = YES;
				CODE_SIGN_STYLE = Automatic;
				DEVELOPMENT_TEAM = XS2R7967QT;
				INFOPLIST_FILE = recordOrnamentsAppUITests/Info.plist;
				LD_RUNPATH_SEARCH_PATHS = (
					"$(inherited)",
					"@executable_path/Frameworks",
					"@loader_path/Frameworks",
				);
				PRODUCT_BUNDLE_IDENTIFIER = cow.iwaski.recordOrnamentsAppUITests;
				PRODUCT_NAME = "$(TARGET_NAME)";
				SWIFT_VERSION = 5.0;
				TARGETED_DEVICE_FAMILY = "1,2";
				TEST_TARGET_NAME = recordOrnamentsApp;
			};
			name = Debug;
		};
		CFB3BBE226E2096600EB2B1A /* Release */ = {
			isa = XCBuildConfiguration;
			baseConfigurationReference = 065ADD464A1323181C6FDC6A /* Pods-recordOrnamentsApp-recordOrnamentsAppUITests.release.xcconfig */;
			buildSettings = {
				ALWAYS_EMBED_SWIFT_STANDARD_LIBRARIES = YES;
				CODE_SIGN_STYLE = Automatic;
				DEVELOPMENT_TEAM = XS2R7967QT;
				INFOPLIST_FILE = recordOrnamentsAppUITests/Info.plist;
				LD_RUNPATH_SEARCH_PATHS = (
					"$(inherited)",
					"@executable_path/Frameworks",
					"@loader_path/Frameworks",
				);
				PRODUCT_BUNDLE_IDENTIFIER = cow.iwaski.recordOrnamentsAppUITests;
				PRODUCT_NAME = "$(TARGET_NAME)";
				SWIFT_VERSION = 5.0;
				TARGETED_DEVICE_FAMILY = "1,2";
				TEST_TARGET_NAME = recordOrnamentsApp;
			};
			name = Release;
		};
/* End XCBuildConfiguration section */

/* Begin XCConfigurationList section */
		CFB3BBAB26E2096200EB2B1A /* Build configuration list for PBXProject "recordOrnamentsApp" */ = {
			isa = XCConfigurationList;
			buildConfigurations = (
				CFB3BBD826E2096600EB2B1A /* Debug */,
				CFB3BBD926E2096600EB2B1A /* Release */,
			);
			defaultConfigurationIsVisible = 0;
			defaultConfigurationName = Release;
		};
		CFB3BBDA26E2096600EB2B1A /* Build configuration list for PBXNativeTarget "recordOrnamentsApp" */ = {
			isa = XCConfigurationList;
			buildConfigurations = (
				CFB3BBDB26E2096600EB2B1A /* Debug */,
				CFB3BBDC26E2096600EB2B1A /* Release */,
			);
			defaultConfigurationIsVisible = 0;
			defaultConfigurationName = Release;
		};
		CFB3BBDD26E2096600EB2B1A /* Build configuration list for PBXNativeTarget "recordOrnamentsAppTests" */ = {
			isa = XCConfigurationList;
			buildConfigurations = (
				CFB3BBDE26E2096600EB2B1A /* Debug */,
				CFB3BBDF26E2096600EB2B1A /* Release */,
			);
			defaultConfigurationIsVisible = 0;
			defaultConfigurationName = Release;
		};
		CFB3BBE026E2096600EB2B1A /* Build configuration list for PBXNativeTarget "recordOrnamentsAppUITests" */ = {
			isa = XCConfigurationList;
			buildConfigurations = (
				CFB3BBE126E2096600EB2B1A /* Debug */,
				CFB3BBE226E2096600EB2B1A /* Release */,
			);
			defaultConfigurationIsVisible = 0;
			defaultConfigurationName = Release;
		};
/* End XCConfigurationList section */

/* Begin XCRemoteSwiftPackageReference section */
		CF2891C52702BDAA00FEC85A /* XCRemoteSwiftPackageReference "lottie-ios" */ = {
			isa = XCRemoteSwiftPackageReference;
			repositoryURL = "https://github.com/airbnb/lottie-ios";
			requirement = {
				kind = upToNextMajorVersion;
				minimumVersion = 3.0.0;
			};
		};
		CF96065526FD7E2600E4D2BF /* XCRemoteSwiftPackageReference "SideMenu" */ = {
			isa = XCRemoteSwiftPackageReference;
			repositoryURL = "https://github.com/jonkykong/SideMenu.git";
			requirement = {
				branch = master;
				kind = branch;
			};
		};
		CF9C81EE2727BB3A00C8FB5E /* XCRemoteSwiftPackageReference "SDWebImage" */ = {
			isa = XCRemoteSwiftPackageReference;
			repositoryURL = "https://github.com/SDWebImage/SDWebImage";
			requirement = {
				branch = master;
				kind = branch;
			};
		};
		CFC22DB22723DDA60016F688 /* XCRemoteSwiftPackageReference "JGProgressHUD" */ = {
			isa = XCRemoteSwiftPackageReference;
			repositoryURL = "https://github.com/JonasGessner/JGProgressHUD";
			requirement = {
				branch = master;
				kind = branch;
			};
		};
/* End XCRemoteSwiftPackageReference section */

/* Begin XCSwiftPackageProductDependency section */
		CF2891C62702BDAA00FEC85A /* Lottie */ = {
			isa = XCSwiftPackageProductDependency;
			package = CF2891C52702BDAA00FEC85A /* XCRemoteSwiftPackageReference "lottie-ios" */;
			productName = Lottie;
		};
		CF96065626FD7E2600E4D2BF /* SideMenu */ = {
			isa = XCSwiftPackageProductDependency;
			package = CF96065526FD7E2600E4D2BF /* XCRemoteSwiftPackageReference "SideMenu" */;
			productName = SideMenu;
		};
		CF9C81EF2727BB3A00C8FB5E /* SDWebImage */ = {
			isa = XCSwiftPackageProductDependency;
			package = CF9C81EE2727BB3A00C8FB5E /* XCRemoteSwiftPackageReference "SDWebImage" */;
			productName = SDWebImage;
		};
		CFC22DB32723DDA60016F688 /* JGProgressHUD */ = {
			isa = XCSwiftPackageProductDependency;
			package = CFC22DB22723DDA60016F688 /* XCRemoteSwiftPackageReference "JGProgressHUD" */;
			productName = JGProgressHUD;
		};
/* End XCSwiftPackageProductDependency section */
	};
	rootObject = CFB3BBA826E2096200EB2B1A /* Project object */;
}
